
Microsoft Visual Studio Solution File, Format Version 12.00
# Visual Studio Version 17
VisualStudioVersion = 17.2.32602.215
MinimumVisualStudioVersion = 10.0.40219.1
Project("{FAE04EC0-301F-11D3-BF4B-00C04F79EFBC}") = "DotNetWeb", "DotNetWeb\DotNetWeb.csproj", "{BD07C9FF-38D2-459B-A3DC-83F58E0309AA}"
EndProject
Global
	GlobalSection(SolutionConfigurationPlatforms) = preSolution
		Debug|Any CPU = Debug|Any CPU
		Release|Any CPU = Release|Any CPU
	EndGlobalSection
	GlobalSection(ProjectConfigurationPlatforms) = postSolution
		{BD07C9FF-38D2-459B-A3DC-83F58E0309AA}.Debug|Any CPU.ActiveCfg = Debug|Any CPU
		{BD07C9FF-38D2-459B-A3DC-83F58E0309AA}.Debug|Any CPU.Build.0 = Debug|Any CPU
		{BD07C9FF-38D2-459B-A3DC-83F58E0309AA}.Release|Any CPU.ActiveCfg = Release|Any CPU
		{BD07C9FF-38D2-459B-A3DC-83F58E0309AA}.Release|Any CPU.Build.0 = Release|Any CPU
	EndGlobalSection
	GlobalSection(SolutionProperties) = preSolution
		HideSolutionNode = FALSE
	EndGlobalSection
	GlobalSection(ExtensibilityGlobals) = postSolution
		SolutionGuid = {F1C6DC41-C29A-495C-8662-CC0362F65D69}
	EndGlobalSection
EndGlobal
